
Microsoft Visual Studio Solution File, Format Version 12.00
# Visual Studio 2013
VisualStudioVersion = 12.0.30501.0
MinimumVisualStudioVersion = 10.0.40219.1
Project("{8BC9CEB8-8B4A-11D0-8D11-00A0C91BC942}") = "SmartGridUnitTests", "SmartGridUnitTests\SmartGridUnitTests.vcxproj", "{94767ADD-DCE1-4E33-950D-8FFB7734D1BC}"
EndProject
Project("{2150E333-8FDC-42A3-9474-1A3956D46DE8}") = "Mockups", "Mockups", "{EC6C11F5-AB41-4FA5-B250-2BEFB5A2EE37}"
EndProject
Project("{2150E333-8FDC-42A3-9474-1A3956D46DE8}") = "Module", "Module", "{2930A8E5-2A36-4ED3-9AB6-2124730B9E50}"
EndProject
Project("{8BC9CEB8-8B4A-11D0-8D11-00A0C91BC942}") = "Messknoten", "..\Messknoten\Messknoten\Messknoten.vcxproj", "{3074236E-7325-44F6-B543-0AA82196A224}"
EndProject
Project("{8BC9CEB8-8B4A-11D0-8D11-00A0C91BC942}") = "SmartGridServer", "..\SmartGridServer\SmartGridServer\SmartGridServer.vcxproj", "{6B6B9422-4A10-4633-8B1E-AFF87A4758D0}"
EndProject
Project("{8BC9CEB8-8B4A-11D0-8D11-00A0C91BC942}") = "Zentralknoten", "..\Zentralknoten\Zentralknoten\Zentralknoten.vcxproj", "{BBC04FC6-02A0-49C7-BAA1-639888A60727}"
EndProject
Project("{8BC9CEB8-8B4A-11D0-8D11-00A0C91BC942}") = "ZentralknotenMockups", "..\Zentralknoten\Mockups\ZentralknotenMockups.vcxproj", "{539FE39A-522F-45AC-953B-54C904D345B1}"
EndProject
Project("{8BC9CEB8-8B4A-11D0-8D11-00A0C91BC942}") = "SmartGridServerMockups", "..\SmartGridServer\Mockups\SmartGridServerMockups.vcxproj", "{3C95956A-F48F-4B0B-B9CC-1CFA2A23925C}"
EndProject
Project("{8BC9CEB8-8B4A-11D0-8D11-00A0C91BC942}") = "MessknotenMockups", "..\Messknoten\Mockups\MessknotenMockups.vcxproj", "{4FBC6735-DE1E-43AC-B418-C4CB523B3A43}"
EndProject
Global
	GlobalSection(SolutionConfigurationPlatforms) = preSolution
		Debug|Win32 = Debug|Win32
		Release|Win32 = Release|Win32
	EndGlobalSection
	GlobalSection(ProjectConfigurationPlatforms) = postSolution
		{94767ADD-DCE1-4E33-950D-8FFB7734D1BC}.Debug|Win32.ActiveCfg = Debug|Win32
		{94767ADD-DCE1-4E33-950D-8FFB7734D1BC}.Debug|Win32.Build.0 = Debug|Win32
		{94767ADD-DCE1-4E33-950D-8FFB7734D1BC}.Release|Win32.ActiveCfg = Release|Win32
		{94767ADD-DCE1-4E33-950D-8FFB7734D1BC}.Release|Win32.Build.0 = Release|Win32
		{3074236E-7325-44F6-B543-0AA82196A224}.Debug|Win32.ActiveCfg = Debug|Win32
		{3074236E-7325-44F6-B543-0AA82196A224}.Debug|Win32.Build.0 = Debug|Win32
		{3074236E-7325-44F6-B543-0AA82196A224}.Release|Win32.ActiveCfg = Release|Win32
		{3074236E-7325-44F6-B543-0AA82196A224}.Release|Win32.Build.0 = Release|Win32
		{6B6B9422-4A10-4633-8B1E-AFF87A4758D0}.Debug|Win32.ActiveCfg = Debug|Win32
		{6B6B9422-4A10-4633-8B1E-AFF87A4758D0}.Debug|Win32.Build.0 = Debug|Win32
		{6B6B9422-4A10-4633-8B1E-AFF87A4758D0}.Release|Win32.ActiveCfg = Release|Win32
		{6B6B9422-4A10-4633-8B1E-AFF87A4758D0}.Release|Win32.Build.0 = Release|Win32
		{BBC04FC6-02A0-49C7-BAA1-639888A60727}.Debug|Win32.ActiveCfg = Debug|Win32
		{BBC04FC6-02A0-49C7-BAA1-639888A60727}.Debug|Win32.Build.0 = Debug|Win32
		{BBC04FC6-02A0-49C7-BAA1-639888A60727}.Release|Win32.ActiveCfg = Release|Win32
		{BBC04FC6-02A0-49C7-BAA1-639888A60727}.Release|Win32.Build.0 = Release|Win32
		{539FE39A-522F-45AC-953B-54C904D345B1}.Debug|Win32.ActiveCfg = Debug|Win32
		{539FE39A-522F-45AC-953B-54C904D345B1}.Debug|Win32.Build.0 = Debug|Win32
		{539FE39A-522F-45AC-953B-54C904D345B1}.Release|Win32.ActiveCfg = Release|Win32
		{539FE39A-522F-45AC-953B-54C904D345B1}.Release|Win32.Build.0 = Release|Win32
		{3C95956A-F48F-4B0B-B9CC-1CFA2A23925C}.Debug|Win32.ActiveCfg = Debug|Win32
		{3C95956A-F48F-4B0B-B9CC-1CFA2A23925C}.Debug|Win32.Build.0 = Debug|Win32
		{3C95956A-F48F-4B0B-B9CC-1CFA2A23925C}.Release|Win32.ActiveCfg = Release|Win32
		{3C95956A-F48F-4B0B-B9CC-1CFA2A23925C}.Release|Win32.Build.0 = Release|Win32
		{4FBC6735-DE1E-43AC-B418-C4CB523B3A43}.Debug|Win32.ActiveCfg = Debug|Win32
		{4FBC6735-DE1E-43AC-B418-C4CB523B3A43}.Debug|Win32.Build.0 = Debug|Win32
		{4FBC6735-DE1E-43AC-B418-C4CB523B3A43}.Release|Win32.ActiveCfg = Release|Win32
		{4FBC6735-DE1E-43AC-B418-C4CB523B3A43}.Release|Win32.Build.0 = Release|Win32
	EndGlobalSection
	GlobalSection(SolutionProperties) = preSolution
		HideSolutionNode = FALSE
	EndGlobalSection
	GlobalSection(NestedProjects) = preSolution
		{EC6C11F5-AB41-4FA5-B250-2BEFB5A2EE37} = {2930A8E5-2A36-4ED3-9AB6-2124730B9E50}
		{3074236E-7325-44F6-B543-0AA82196A224} = {2930A8E5-2A36-4ED3-9AB6-2124730B9E50}
		{6B6B9422-4A10-4633-8B1E-AFF87A4758D0} = {2930A8E5-2A36-4ED3-9AB6-2124730B9E50}
		{BBC04FC6-02A0-49C7-BAA1-639888A60727} = {2930A8E5-2A36-4ED3-9AB6-2124730B9E50}
		{539FE39A-522F-45AC-953B-54C904D345B1} = {EC6C11F5-AB41-4FA5-B250-2BEFB5A2EE37}
		{3C95956A-F48F-4B0B-B9CC-1CFA2A23925C} = {EC6C11F5-AB41-4FA5-B250-2BEFB5A2EE37}
		{4FBC6735-DE1E-43AC-B418-C4CB523B3A43} = {EC6C11F5-AB41-4FA5-B250-2BEFB5A2EE37}
	EndGlobalSection
EndGlobal
