
Microsoft Visual Studio Solution File, Format Version 12.00
# Visual Studio 2013
VisualStudioVersion = 12.0.30501.0
MinimumVisualStudioVersion = 10.0.40219.1
Project("{8BC9CEB8-8B4A-11D0-8D11-00A0C91BC942}") = "Zentralknoten", "Zentralknoten\Zentralknoten.vcxproj", "{BBC04FC6-02A0-49C7-BAA1-639888A60727}"
EndProject
Project("{8BC9CEB8-8B4A-11D0-8D11-00A0C91BC942}") = "ZentralknotenMockups", "Mockups\ZentralknotenMockups.vcxproj", "{539FE39A-522F-45AC-953B-54C904D345B1}"
EndProject
Global
	GlobalSection(SolutionConfigurationPlatforms) = preSolution
		Debug|Win32 = Debug|Win32
		Release|Win32 = Release|Win32
	EndGlobalSection
	GlobalSection(ProjectConfigurationPlatforms) = postSolution
		{BBC04FC6-02A0-49C7-BAA1-639888A60727}.Debug|Win32.ActiveCfg = Debug|Win32
		{BBC04FC6-02A0-49C7-BAA1-639888A60727}.Debug|Win32.Build.0 = Debug|Win32
		{BBC04FC6-02A0-49C7-BAA1-639888A60727}.Release|Win32.ActiveCfg = Release|Win32
		{BBC04FC6-02A0-49C7-BAA1-639888A60727}.Release|Win32.Build.0 = Release|Win32
		{539FE39A-522F-45AC-953B-54C904D345B1}.Debug|Win32.ActiveCfg = Debug|Win32
		{539FE39A-522F-45AC-953B-54C904D345B1}.Debug|Win32.Build.0 = Debug|Win32
		{539FE39A-522F-45AC-953B-54C904D345B1}.Release|Win32.ActiveCfg = Release|Win32
		{539FE39A-522F-45AC-953B-54C904D345B1}.Release|Win32.Build.0 = Release|Win32
	EndGlobalSection
	GlobalSection(SolutionProperties) = preSolution
		HideSolutionNode = FALSE
	EndGlobalSection
EndGlobal
